
Microsoft Visual Studio Solution File, Format Version 12.00
# Visual Studio 15
Project("{FAE04EC0-301F-11D3-BF4B-00C04F79EFBC}") = "Find The Difference", "Find The Difference.csproj", "{1014D3AC-6817-AE40-DAC0-6FD32728F75B}"
EndProject
Project("{FAE04EC0-301F-11D3-BF4B-00C04F79EFBC}") = "Find The Difference.Editor", "Find The Difference.Editor.csproj", "{09E1ED4A-E64F-BBD3-2F44-477715AB27E9}"
EndProject
Global
	GlobalSection(SolutionConfigurationPlatforms) = preSolution
		Debug|Any CPU = Debug|Any CPU
		Release|Any CPU = Release|Any CPU
	EndGlobalSection
	GlobalSection(ProjectConfigurationPlatforms) = postSolution
		{1014D3AC-6817-AE40-DAC0-6FD32728F75B}.Debug|Any CPU.ActiveCfg = Debug|Any CPU
		{1014D3AC-6817-AE40-DAC0-6FD32728F75B}.Debug|Any CPU.Build.0 = Debug|Any CPU
		{1014D3AC-6817-AE40-DAC0-6FD32728F75B}.Release|Any CPU.ActiveCfg = Release|Any CPU
		{1014D3AC-6817-AE40-DAC0-6FD32728F75B}.Release|Any CPU.Build.0 = Release|Any CPU
		{09E1ED4A-E64F-BBD3-2F44-477715AB27E9}.Debug|Any CPU.ActiveCfg = Debug|Any CPU
		{09E1ED4A-E64F-BBD3-2F44-477715AB27E9}.Debug|Any CPU.Build.0 = Debug|Any CPU
		{09E1ED4A-E64F-BBD3-2F44-477715AB27E9}.Release|Any CPU.ActiveCfg = Release|Any CPU
		{09E1ED4A-E64F-BBD3-2F44-477715AB27E9}.Release|Any CPU.Build.0 = Release|Any CPU
	EndGlobalSection
	GlobalSection(SolutionProperties) = preSolution
		HideSolutionNode = FALSE
	EndGlobalSection
EndGlobal
